[[package]]
name = "black"
version = "24.10.0"
description = "The uncompromising code formatter."
category = "dev"
optional = false
python-versions = ">=3.9"

[package.dependencies]
click = ">=8.0.0"
mypy-extensions = ">=0.4.3"
packaging = ">=22.0"
pathspec = ">=0.9.0"
platformdirs = ">=2"
tomli = {version = ">=1.1.0", markers = "python_version < \"3.11\""}
typing-extensions = {version = ">=4.0.1", markers = "python_version < \"3.11\""}

[package.extras]
colorama = ["colorama (>=0.4.3)"]
d = ["aiohttp (>=3.10)"]
jupyter = ["ipython (>=7.8.0)", "tokenize-rt (>=3.2.0)"]
uvloop = ["uvloop (>=0.15.2)"]

[[package]]
name = "click"
version = "8.1.8"
description = "Composable command line interface toolkit"
category = "dev"
optional = false
python-versions = ">=3.7"

[package.dependencies]
colorama = {version = "*", markers = "platform_system == \"Windows\""}

[[package]]
name = "colorama"
version = "0.4.6"
description = "Cross-platform colored terminal text."
category = "dev"
optional = false
python-versions = "!=3.0.*,!=3.1.*,!=3.2.*,!=3.3.*,!=3.4.*,!=3.5.*,!=3.6.*,>=2.7"

[[package]]
name = "imageio"
version = "2.36.1"
description = "Library for reading and writing a wide range of image, video, scientific, and volumetric data formats."
category = "main"
optional = false
python-versions = ">=3.9"

[package.dependencies]
numpy = "*"
pillow = ">=8.3.2"

[package.extras]
all-plugins = ["astropy", "av", "imageio-ffmpeg", "numpy (>2)", "pillow-heif", "psutil", "rawpy", "tifffile"]
all-plugins-pypy = ["av", "imageio-ffmpeg", "pillow-heif", "psutil", "tifffile"]
build = ["wheel"]
dev = ["pytest", "pytest-cov", "fsspec", "black", "flake8"]
docs = ["sphinx (<6)", "numpydoc", "pydata-sphinx-theme"]
ffmpeg = ["imageio-ffmpeg", "psutil"]
fits = ["astropy"]
full = ["astropy", "av", "black", "flake8", "fsspec", "gdal", "imageio-ffmpeg", "itk", "numpy (>2)", "numpydoc", "pillow-heif", "psutil", "pydata-sphinx-theme", "pytest", "pytest-cov", "rawpy", "sphinx (<6)", "tifffile", "wheel"]
gdal = ["gdal"]
itk = ["itk"]
linting = ["black", "flake8"]
pillow-heif = ["pillow-heif"]
pyav = ["av"]
rawpy = ["rawpy", "numpy (>2)"]
test = ["pytest", "pytest-cov", "fsspec"]
tifffile = ["tifffile"]

[[package]]
name = "isort"
version = "5.13.2"
description = "A Python utility / library to sort Python imports."
category = "dev"
optional = false
python-versions = ">=3.8.0"

[package.extras]
colors = ["colorama (>=0.4.6)"]

[[package]]
name = "lazy-loader"
version = "0.4"
description = "Makes it easy to load subpackages and functions on demand."
category = "main"
optional = false
python-versions = ">=3.7"

[package.dependencies]
packaging = "*"

[package.extras]
dev = ["changelist (==0.5)"]
lint = ["pre-commit (==3.7.0)"]
test = ["pytest (>=7.4)", "pytest-cov (>=4.1)"]

[[package]]
name = "mypy-extensions"
version = "1.0.0"
description = "Type system extensions for programs checked with the mypy type checker."
category = "dev"
optional = false
python-versions = ">=3.5"

[[package]]
name = "networkx"
version = "3.4.2"
description = "Python package for creating and manipulating graphs and networks"
category = "main"
optional = false
python-versions = ">=3.10"

[package.extras]
default = ["numpy (>=1.24)", "scipy (>=1.10,!=1.11.0,!=1.11.1)", "matplotlib (>=3.7)", "pandas (>=2.0)"]
developer = ["changelist (==0.5)", "pre-commit (>=3.2)", "mypy (>=1.1)", "rtoml"]
doc = ["sphinx (>=7.3)", "pydata-sphinx-theme (>=0.15)", "sphinx-gallery (>=0.16)", "numpydoc (>=1.8.0)", "pillow (>=9.4)", "texext (>=0.6.7)", "myst-nb (>=1.1)", "intersphinx-registry"]
example = ["osmnx (>=1.9)", "momepy (>=0.7.2)", "contextily (>=1.6)", "seaborn (>=0.13)", "cairocffi (>=1.7)", "igraph (>=0.11)", "scikit-learn (>=1.5)"]
extra = ["lxml (>=4.6)", "pygraphviz (>=1.14)", "pydot (>=3.0.1)", "sympy (>=1.10)"]
test = ["pytest (>=7.2)", "pytest-cov (>=4.0)"]

[[package]]
name = "numpy"
version = "2.2.1"
description = "Fundamental package for array computing in Python"
category = "main"
optional = false
python-versions = ">=3.10"

[[package]]
name = "opencv-python"
version = "4.11.0.86"
description = "Wrapper package for OpenCV python bindings."
category = "main"
optional = false
python-versions = ">=3.6"

[package.dependencies]
numpy = [
    {version = ">=1.21.2", markers = "python_version >= \"3.10\""},
    {version = ">=1.21.4", markers = "python_version >= \"3.10\" and platform_system == \"Darwin\""},
    {version = ">=1.23.5", markers = "python_version >= \"3.11\""},
    {version = ">=1.26.0", markers = "python_version >= \"3.12\""},
    {version = ">=1.19.3", markers = "python_version >= \"3.6\" and platform_system == \"Linux\" and platform_machine == \"aarch64\" or python_version >= \"3.9\""},
    {version = ">=1.17.0", markers = "python_version >= \"3.7\""},
    {version = ">=1.17.3", markers = "python_version >= \"3.8\""},
]

[[package]]
name = "packaging"
version = "24.2"
description = "Core utilities for Python packages"
category = "main"
optional = false
python-versions = ">=3.8"

[[package]]
name = "pathspec"
version = "0.12.1"
description = "Utility library for gitignore style pattern matching of file paths."
category = "dev"
optional = false
python-versions = ">=3.8"

[[package]]
name = "pillow"
version = "11.1.0"
description = "Python Imaging Library (Fork)"
category = "main"
optional = false
python-versions = ">=3.9"

[package.extras]
docs = ["furo", "olefile", "sphinx (>=8.1)", "sphinx-copybutton", "sphinx-inline-tabs", "sphinxext-opengraph"]
fpx = ["olefile"]
mic = ["olefile"]
tests = ["check-manifest", "coverage (>=7.4.2)", "defusedxml", "markdown2", "olefile", "packaging", "pyroma", "pytest", "pytest-cov", "pytest-timeout", "trove-classifiers (>=2024.10.12)"]
typing = ["typing-extensions"]
xmp = ["defusedxml"]

[[package]]
name = "platformdirs"
version = "4.3.6"
description = "A small Python package for determining appropriate platform-specific dirs, e.g. a `user data dir`."
category = "dev"
optional = false
python-versions = ">=3.8"

[package.extras]
docs = ["furo (>=2024.8.6)", "proselint (>=0.14)", "sphinx-autodoc-typehints (>=2.4)", "sphinx (>=8.0.2)"]
test = ["appdirs (==1.4.4)", "covdefaults (>=2.3)", "pytest-cov (>=5)", "pytest-mock (>=3.14)", "pytest (>=8.3.2)"]
type = ["mypy (>=1.11.2)"]

[[package]]
name = "pypdf"
version = "5.3.0"
description = "A pure-python PDF library capable of splitting, merging, cropping, and transforming PDF files"
category = "main"
optional = false
python-versions = ">=3.8"

[package.dependencies]
typing_extensions = {version = ">=4.0", markers = "python_version < \"3.11\""}

[package.extras]
crypto = ["cryptography"]
cryptodome = ["pycryptodome"]
dev = ["black", "flit", "pip-tools", "pre-commit (<2.18.0)", "pytest-cov", "pytest-socket", "pytest-timeout", "pytest-xdist", "wheel"]
docs = ["myst-parser", "sphinx", "sphinx-rtd-theme"]
full = ["cryptography", "Pillow (>=8.0.0)"]
image = ["Pillow (>=8.0.0)"]

[[package]]
name = "scikit-image"
version = "0.25.0"
description = "Image processing in Python"
category = "main"
optional = false
python-versions = ">=3.10"

[package.dependencies]
imageio = ">=2.33,<2.35.0 || >2.35.0"
lazy-loader = ">=0.4"
networkx = ">=3.0"
numpy = ">=1.24"
packaging = ">=21"
pillow = ">=10.1"
scipy = ">=1.11.2"
tifffile = ">=2022.8.12"

[package.extras]
build = ["meson-python (>=0.16)", "setuptools (>=68)", "ninja (>=1.11.1.1)", "Cython (>=3.0.8)", "pythran (>=0.16)", "numpy (>=2.0)", "spin (==0.13)", "build (>=1.2.1)"]
data = ["pooch (>=1.6.0)"]
developer = ["pre-commit", "ipython", "tomli"]
docs = ["sphinx (>=8.0)", "sphinx-gallery[parallel] (>=0.18)", "numpydoc (>=1.7)", "sphinx-copybutton", "matplotlib (>=3.7)", "dask[array] (>=2022.9.2)", "pandas (>=2.0)", "seaborn (>=0.11)", "pooch (>=1.6)", "tifffile (>=2022.8.12)", "myst-parser", "intersphinx-registry (>=0.2411.14)", "ipywidgets", "ipykernel", "plotly (>=5.20)", "kaleido (==0.2.1)", "scikit-learn (>=1.2)", "sphinx_design (>=0.5)", "pydata-sphinx-theme (>=0.16)", "PyWavelets (>=1.6)", "pytest-doctestplus"]
optional = ["simpleitk", "astropy (>=5.0)", "cloudpickle (>=0.2.1)", "dask[array] (>=2021.1.0,!=2024.8.0)", "matplotlib (>=3.7)", "pooch (>=1.6.0)", "pyamg (>=5.2)", "PyWavelets (>=1.6)", "scikit-learn (>=1.2)"]
test = ["asv", "numpydoc (>=1.7)", "pooch (>=1.6.0)", "pytest (>=7.0)", "pytest-cov (>=2.11.0)", "pytest-localserver", "pytest-faulthandler", "pytest-doctestplus"]

[[package]]
name = "scipy"
version = "1.15.1"
description = "Fundamental algorithms for scientific computing in Python"
category = "main"
optional = false
python-versions = ">=3.10"

[package.dependencies]
numpy = ">=1.23.5,<2.5"

[package.extras]
test = ["pytest", "pytest-cov", "pytest-timeout", "pytest-xdist", "asv", "mpmath", "gmpy2", "threadpoolctl", "scikit-umfpack", "pooch", "hypothesis (>=6.30)", "array-api-strict (>=2.0,<2.1.1)", "cython", "meson", "ninja"]
doc = ["sphinx (>=5.0.0,<8.0.0)", "intersphinx-registry", "pydata-sphinx-theme (>=0.15.2)", "sphinx-copybutton", "sphinx-design (>=0.4.0)", "matplotlib (>=3.5)", "numpydoc", "jupytext", "myst-nb", "pooch", "jupyterlite-sphinx (>=0.16.5)", "jupyterlite-pyodide-kernel"]
dev = ["mypy (==1.10.0)", "typing-extensions", "types-psutil", "pycodestyle", "ruff (>=0.0.292)", "cython-lint (>=0.12.2)", "rich-click", "doit (>=0.36.0)", "pydevtool"]

[[package]]
name = "tifffile"
version = "2025.1.10"
description = "Read and write TIFF files"
category = "main"
optional = false
python-versions = ">=3.10"

[package.dependencies]
numpy = "*"

[package.extras]
codecs = ["imagecodecs (>=2024.12.30)"]
xml = ["defusedxml", "lxml"]
zarr = ["zarr (<3)", "fsspec"]
plot = ["matplotlib"]
all = ["imagecodecs (>=2024.12.30)", "matplotlib", "defusedxml", "lxml", "zarr (<3)", "fsspec"]
test = ["pytest", "imagecodecs", "czifile", "cmapfile", "oiffile", "lfdfiles", "psdtags", "roifile", "lxml", "zarr (<3)", "dask", "xarray", "fsspec", "defusedxml", "ndtiff"]

[[package]]
name = "tomli"
version = "2.2.1"
description = "A lil' TOML parser"
category = "dev"
optional = false
python-versions = ">=3.8"

[[package]]
name = "typing-extensions"
version = "4.12.2"
description = "Backported and Experimental Type Hints for Python 3.8+"
category = "main"
optional = false
python-versions = ">=3.8"

[metadata]
lock-version = "1.1"
python-versions = "^3.10"
content-hash = "124b9add4db17d36ab2700254da8b027e27e3aacdaca680ab85647b17ddc04d2"

[metadata.files]
black = []
click = []
colorama = []
imageio = []
isort = []
lazy-loader = []
mypy-extensions = []
networkx = []
numpy = []
opencv-python = []
packaging = []
pathspec = []
pillow = []
platformdirs = []
pypdf = []
scikit-image = []
scipy = []
tifffile = []
tomli = []
typing-extensions = []
